
Microsoft Visual Studio Solution File, Format Version 12.00
# Visual Studio 15
Project("{FAE04EC0-301F-11D3-BF4B-00C04F79EFBC}") = "Juego RPG - Leccion 10", "Juego RPG - Leccion 10.csproj", "{63305D5C-74ED-59E7-4D3C-1F57655633A2}"
EndProject
Project("{FAE04EC0-301F-11D3-BF4B-00C04F79EFBC}") = "Juego RPG - Leccion 10.Editor", "Juego RPG - Leccion 10.Editor.csproj", "{E576A0CE-03FF-C4C8-8EDA-C8E3A72D1E39}"
EndProject
Global
	GlobalSection(SolutionConfigurationPlatforms) = preSolution
		Debug|Any CPU = Debug|Any CPU
		Release|Any CPU = Release|Any CPU
	EndGlobalSection
	GlobalSection(ProjectConfigurationPlatforms) = postSolution
		{63305D5C-74ED-59E7-4D3C-1F57655633A2}.Debug|Any CPU.ActiveCfg = Debug|Any CPU
		{63305D5C-74ED-59E7-4D3C-1F57655633A2}.Debug|Any CPU.Build.0 = Debug|Any CPU
		{63305D5C-74ED-59E7-4D3C-1F57655633A2}.Release|Any CPU.ActiveCfg = Release|Any CPU
		{63305D5C-74ED-59E7-4D3C-1F57655633A2}.Release|Any CPU.Build.0 = Release|Any CPU
		{E576A0CE-03FF-C4C8-8EDA-C8E3A72D1E39}.Debug|Any CPU.ActiveCfg = Debug|Any CPU
		{E576A0CE-03FF-C4C8-8EDA-C8E3A72D1E39}.Debug|Any CPU.Build.0 = Debug|Any CPU
		{E576A0CE-03FF-C4C8-8EDA-C8E3A72D1E39}.Release|Any CPU.ActiveCfg = Release|Any CPU
		{E576A0CE-03FF-C4C8-8EDA-C8E3A72D1E39}.Release|Any CPU.Build.0 = Release|Any CPU
	EndGlobalSection
	GlobalSection(SolutionProperties) = preSolution
		HideSolutionNode = FALSE
	EndGlobalSection
EndGlobal
